{
  "version": 4,
  "terraform_version": "1.11.0",
  "serial": 99,
  "lineage": "f07c5951-8273-6912-0d22-6ada4ded47ae",
  "outputs": {
    "subnet_a_id": {
      "value": "/subscriptions/b0f4b302-2cb4-43b9-b787-85b777620332/resourceGroups/rg/providers/Microsoft.Network/virtualNetworks/vnet-main-landingzone/subnets/subnet-a",
      "type": "string"
    },
    "subnet_b_id": {
      "value": "/subscriptions/b0f4b302-2cb4-43b9-b787-85b777620332/resourceGroups/rg/providers/Microsoft.Network/virtualNetworks/vnet-main-landingzone/subnets/subnet-b",
      "type": "string"
    },
    "vnet_id": {
      "value": "/subscriptions/b0f4b302-2cb4-43b9-b787-85b777620332/resourceGroups/rg/providers/Microsoft.Network/virtualNetworks/vnet-main-landingzone",
      "type": "string"
    }
  },
  "resources": [
    {
      "mode": "managed",
      "type": "azurerm_network_security_group",
      "name": "nsg",
      "provider": "provider[\"registry.terraform.io/hashicorp/azurerm\"]",
      "instances": [
        {
          "schema_version": 0,
          "attributes": {
            "id": "/subscriptions/b0f4b302-2cb4-43b9-b787-85b777620332/resourceGroups/rg/providers/Microsoft.Network/networkSecurityGroups/nsg-landingzone",
            "location": "eastus2",
            "name": "nsg-landingzone",
            "resource_group_name": "rg",
            "security_rule": [],
            "tags": null,
            "timeouts": null
          },
          "sensitive_attributes": [],
          "private": "eyJlMmJmYjczMC1lY2FhLTExZTYtOGY4OC0zNDM2M2JjN2M0YzAiOnsiY3JlYXRlIjoxODAwMDAwMDAwMDAwLCJkZWxldGUiOjE4MDAwMDAwMDAwMDAsInJlYWQiOjMwMDAwMDAwMDAwMCwidXBkYXRlIjoxODAwMDAwMDAwMDAwfX0=",
          "dependencies": [
            "azurerm_resource_group.main"
          ]
        }
      ]
    },
    {
      "mode": "managed",
      "type": "azurerm_resource_group",
      "name": "main",
      "provider": "provider[\"registry.terraform.io/hashicorp/azurerm\"]",
      "instances": [
        {
          "schema_version": 0,
          "attributes": {
            "id": "/subscriptions/b0f4b302-2cb4-43b9-b787-85b777620332/resourceGroups/rg",
            "location": "eastus2",
            "managed_by": "",
            "name": "rg",
            "tags": null,
            "timeouts": null
          },
          "sensitive_attributes": [],
          "private": "eyJlMmJmYjczMC1lY2FhLTExZTYtOGY4OC0zNDM2M2JjN2M0YzAiOnsiY3JlYXRlIjo1NDAwMDAwMDAwMDAwLCJkZWxldGUiOjU0MDAwMDAwMDAwMDAsInJlYWQiOjMwMDAwMDAwMDAwMCwidXBkYXRlIjo1NDAwMDAwMDAwMDAwfX0="
        }
      ]
    },
    {
      "mode": "managed",
      "type": "azurerm_subnet",
      "name": "subnet_a",
      "provider": "provider[\"registry.terraform.io/hashicorp/azurerm\"]",
      "instances": [
        {
          "schema_version": 0,
          "attributes": {
            "address_prefixes": [
              "10.0.1.0/24"
            ],
            "default_outbound_access_enabled": true,
            "delegation": [],
            "id": "/subscriptions/b0f4b302-2cb4-43b9-b787-85b777620332/resourceGroups/rg/providers/Microsoft.Network/virtualNetworks/vnet-main-landingzone/subnets/subnet-a",
            "name": "subnet-a",
            "private_endpoint_network_policies": "Disabled",
            "private_link_service_network_policies_enabled": true,
            "resource_group_name": "rg",
            "service_endpoint_policy_ids": null,
            "service_endpoints": null,
            "timeouts": null,
            "virtual_network_name": "vnet-main-landingzone"
          },
          "sensitive_attributes": [],
          "private": "eyJlMmJmYjczMC1lY2FhLTExZTYtOGY4OC0zNDM2M2JjN2M0YzAiOnsiY3JlYXRlIjoxODAwMDAwMDAwMDAwLCJkZWxldGUiOjE4MDAwMDAwMDAwMDAsInJlYWQiOjMwMDAwMDAwMDAwMCwidXBkYXRlIjoxODAwMDAwMDAwMDAwfX0=",
          "dependencies": [
            "azurerm_virtual_network.main"
          ]
        }
      ]
    },
    {
      "mode": "managed",
      "type": "azurerm_subnet",
      "name": "subnet_b",
      "provider": "provider[\"registry.terraform.io/hashicorp/azurerm\"]",
      "instances": [
        {
          "schema_version": 0,
          "attributes": {
            "address_prefixes": [
              "10.0.2.0/24"
            ],
            "default_outbound_access_enabled": true,
            "delegation": [],
            "id": "/subscriptions/b0f4b302-2cb4-43b9-b787-85b777620332/resourceGroups/rg/providers/Microsoft.Network/virtualNetworks/vnet-main-landingzone/subnets/subnet-b",
            "name": "subnet-b",
            "private_endpoint_network_policies": "Disabled",
            "private_link_service_network_policies_enabled": true,
            "resource_group_name": "rg",
            "service_endpoint_policy_ids": null,
            "service_endpoints": null,
            "timeouts": null,
            "virtual_network_name": "vnet-main-landingzone"
          },
          "sensitive_attributes": [],
          "private": "eyJlMmJmYjczMC1lY2FhLTExZTYtOGY4OC0zNDM2M2JjN2M0YzAiOnsiY3JlYXRlIjoxODAwMDAwMDAwMDAwLCJkZWxldGUiOjE4MDAwMDAwMDAwMDAsInJlYWQiOjMwMDAwMDAwMDAwMCwidXBkYXRlIjoxODAwMDAwMDAwMDAwfX0=",
          "dependencies": [
            "azurerm_virtual_network.main"
          ]
        }
      ]
    },
    {
      "mode": "managed",
      "type": "azurerm_subnet_network_security_group_association",
      "name": "subnet_a_nsg",
      "provider": "provider[\"registry.terraform.io/hashicorp/azurerm\"]",
      "instances": [
        {
          "schema_version": 0,
          "attributes": {
            "id": "/subscriptions/b0f4b302-2cb4-43b9-b787-85b777620332/resourceGroups/rg/providers/Microsoft.Network/virtualNetworks/vnet-main-landingzone/subnets/subnet-a",
            "network_security_group_id": "/subscriptions/b0f4b302-2cb4-43b9-b787-85b777620332/resourceGroups/rg/providers/Microsoft.Network/networkSecurityGroups/nsg-landingzone",
            "subnet_id": "/subscriptions/b0f4b302-2cb4-43b9-b787-85b777620332/resourceGroups/rg/providers/Microsoft.Network/virtualNetworks/vnet-main-landingzone/subnets/subnet-a",
            "timeouts": null
          },
          "sensitive_attributes": [],
          "private": "eyJlMmJmYjczMC1lY2FhLTExZTYtOGY4OC0zNDM2M2JjN2M0YzAiOnsiY3JlYXRlIjoxODAwMDAwMDAwMDAwLCJkZWxldGUiOjE4MDAwMDAwMDAwMDAsInJlYWQiOjMwMDAwMDAwMDAwMH19",
          "dependencies": [
            "azurerm_network_security_group.nsg",
            "azurerm_resource_group.main",
            "azurerm_subnet.subnet_a",
            "azurerm_virtual_network.main"
          ]
        }
      ]
    },
    {
      "mode": "managed",
      "type": "azurerm_subnet_network_security_group_association",
      "name": "subnet_b_nsg",
      "provider": "provider[\"registry.terraform.io/hashicorp/azurerm\"]",
      "instances": [
        {
          "schema_version": 0,
          "attributes": {
            "id": "/subscriptions/b0f4b302-2cb4-43b9-b787-85b777620332/resourceGroups/rg/providers/Microsoft.Network/virtualNetworks/vnet-main-landingzone/subnets/subnet-b",
            "network_security_group_id": "/subscriptions/b0f4b302-2cb4-43b9-b787-85b777620332/resourceGroups/rg/providers/Microsoft.Network/networkSecurityGroups/nsg-landingzone",
            "subnet_id": "/subscriptions/b0f4b302-2cb4-43b9-b787-85b777620332/resourceGroups/rg/providers/Microsoft.Network/virtualNetworks/vnet-main-landingzone/subnets/subnet-b",
            "timeouts": null
          },
          "sensitive_attributes": [],
          "private": "eyJlMmJmYjczMC1lY2FhLTExZTYtOGY4OC0zNDM2M2JjN2M0YzAiOnsiY3JlYXRlIjoxODAwMDAwMDAwMDAwLCJkZWxldGUiOjE4MDAwMDAwMDAwMDAsInJlYWQiOjMwMDAwMDAwMDAwMH19",
          "dependencies": [
            "azurerm_network_security_group.nsg",
            "azurerm_resource_group.main",
            "azurerm_subnet.subnet_b",
            "azurerm_virtual_network.main"
          ]
        }
      ]
    },
    {
      "mode": "managed",
      "type": "azurerm_virtual_network",
      "name": "main",
      "provider": "provider[\"registry.terraform.io/hashicorp/azurerm\"]",
      "instances": [
        {
          "schema_version": 0,
          "attributes": {
            "address_space": [
              "10.0.0.0/16"
            ],
            "bgp_community": "",
            "ddos_protection_plan": [],
            "dns_servers": [],
            "edge_zone": "",
            "encryption": [],
            "flow_timeout_in_minutes": 0,
            "guid": "e5ebb953-53e2-4146-9bae-220052e45833",
            "id": "/subscriptions/b0f4b302-2cb4-43b9-b787-85b777620332/resourceGroups/rg/providers/Microsoft.Network/virtualNetworks/vnet-main-landingzone",
            "location": "eastus2",
            "name": "vnet-main-landingzone",
            "private_endpoint_vnet_policies": "Disabled",
            "resource_group_name": "rg",
            "subnet": [],
            "tags": {
              "Name": "main-vnet"
            },
            "timeouts": null
          },
          "sensitive_attributes": [],
          "private": "eyJlMmJmYjczMC1lY2FhLTExZTYtOGY4OC0zNDM2M2JjN2M0YzAiOnsiY3JlYXRlIjoxODAwMDAwMDAwMDAwLCJkZWxldGUiOjE4MDAwMDAwMDAwMDAsInJlYWQiOjMwMDAwMDAwMDAwMCwidXBkYXRlIjoxODAwMDAwMDAwMDAwfX0="
        }
      ]
    }
  ],
  "check_results": null
}
